
Microsoft Visual Studio Solution File, Format Version 12.00
# Visual Studio 15
VisualStudioVersion = 15.0.26730.12
MinimumVisualStudioVersion = 10.0.40219.1
Project("{FAE04EC0-301F-11D3-BF4B-00C04F79EFBC}") = "voetbalC", "voetbalC\voetbalC.csproj", "{0B68E72C-D99D-4A6F-BB95-F50FD9B7C19D}"
EndProject
Global
	GlobalSection(SolutionConfigurationPlatforms) = preSolution
		Debug|Any CPU = Debug|Any CPU
		Release|Any CPU = Release|Any CPU
	EndGlobalSection
	GlobalSection(ProjectConfigurationPlatforms) = postSolution
		{0B68E72C-D99D-4A6F-BB95-F50FD9B7C19D}.Debug|Any CPU.ActiveCfg = Debug|Any CPU
		{0B68E72C-D99D-4A6F-BB95-F50FD9B7C19D}.Debug|Any CPU.Build.0 = Debug|Any CPU
		{0B68E72C-D99D-4A6F-BB95-F50FD9B7C19D}.Release|Any CPU.ActiveCfg = Release|Any CPU
		{0B68E72C-D99D-4A6F-BB95-F50FD9B7C19D}.Release|Any CPU.Build.0 = Release|Any CPU
	EndGlobalSection
	GlobalSection(SolutionProperties) = preSolution
		HideSolutionNode = FALSE
	EndGlobalSection
	GlobalSection(ExtensibilityGlobals) = postSolution
		SolutionGuid = {E1A50B97-2CBC-4B7E-8A00-231D85E4CA2A}
	EndGlobalSection
EndGlobal
